
Microsoft Visual Studio Solution File, Format Version 12.00
# Visual Studio Version 17
VisualStudioVersion = 17.4.33403.182
MinimumVisualStudioVersion = 10.0.40219.1
Project("{9A19103F-16F7-4668-BE54-9A1E7A4F7556}") = "CoolTechAPI", "CoolTechAPI\CoolTechAPI.csproj", "{8CCCAA7D-3862-4479-A540-5AA61F6C23BE}"
EndProject
Project("{FAE04EC0-301F-11D3-BF4B-00C04F79EFBC}") = "BusinessLogicLayer", "BusinessLogicLayer\BusinessLogicLayer.csproj", "{71D7D262-F8D7-4F96-93F2-9C17563C74BD}"
EndProject
Project("{FAE04EC0-301F-11D3-BF4B-00C04F79EFBC}") = "DataAccessLayer", "DataAccessLayer\DataAccessLayer.csproj", "{45EC275A-29D7-48DF-B9CA-125C6A375D36}"
EndProject
Project("{FAE04EC0-301F-11D3-BF4B-00C04F79EFBC}") = "CoolTech.Utilities", "CoolTech.Utilities\CoolTech.Utilities.csproj", "{0CB6ED2E-05A3-4DCB-B36E-742B6BFF4A55}"
EndProject
Global
	GlobalSection(SolutionConfigurationPlatforms) = preSolution
		Debug|Any CPU = Debug|Any CPU
		Release|Any CPU = Release|Any CPU
	EndGlobalSection
	GlobalSection(ProjectConfigurationPlatforms) = postSolution
		{8CCCAA7D-3862-4479-A540-5AA61F6C23BE}.Debug|Any CPU.ActiveCfg = Debug|Any CPU
		{8CCCAA7D-3862-4479-A540-5AA61F6C23BE}.Debug|Any CPU.Build.0 = Debug|Any CPU
		{8CCCAA7D-3862-4479-A540-5AA61F6C23BE}.Release|Any CPU.ActiveCfg = Release|Any CPU
		{8CCCAA7D-3862-4479-A540-5AA61F6C23BE}.Release|Any CPU.Build.0 = Release|Any CPU
		{71D7D262-F8D7-4F96-93F2-9C17563C74BD}.Debug|Any CPU.ActiveCfg = Debug|Any CPU
		{71D7D262-F8D7-4F96-93F2-9C17563C74BD}.Debug|Any CPU.Build.0 = Debug|Any CPU
		{71D7D262-F8D7-4F96-93F2-9C17563C74BD}.Release|Any CPU.ActiveCfg = Release|Any CPU
		{71D7D262-F8D7-4F96-93F2-9C17563C74BD}.Release|Any CPU.Build.0 = Release|Any CPU
		{45EC275A-29D7-48DF-B9CA-125C6A375D36}.Debug|Any CPU.ActiveCfg = Debug|Any CPU
		{45EC275A-29D7-48DF-B9CA-125C6A375D36}.Debug|Any CPU.Build.0 = Debug|Any CPU
		{45EC275A-29D7-48DF-B9CA-125C6A375D36}.Release|Any CPU.ActiveCfg = Release|Any CPU
		{45EC275A-29D7-48DF-B9CA-125C6A375D36}.Release|Any CPU.Build.0 = Release|Any CPU
		{0CB6ED2E-05A3-4DCB-B36E-742B6BFF4A55}.Debug|Any CPU.ActiveCfg = Debug|Any CPU
		{0CB6ED2E-05A3-4DCB-B36E-742B6BFF4A55}.Debug|Any CPU.Build.0 = Debug|Any CPU
		{0CB6ED2E-05A3-4DCB-B36E-742B6BFF4A55}.Release|Any CPU.ActiveCfg = Release|Any CPU
		{0CB6ED2E-05A3-4DCB-B36E-742B6BFF4A55}.Release|Any CPU.Build.0 = Release|Any CPU
	EndGlobalSection
	GlobalSection(SolutionProperties) = preSolution
		HideSolutionNode = FALSE
	EndGlobalSection
	GlobalSection(ExtensibilityGlobals) = postSolution
		SolutionGuid = {93D9BE01-1767-4231-8DCB-C844CC4E1F4F}
	EndGlobalSection
EndGlobal
